
Microsoft Visual Studio Solution File, Format Version 12.00
# Visual Studio Version 16
VisualStudioVersion = 16.0.32106.194
MinimumVisualStudioVersion = 10.0.40219.1
Project("{FAE04EC0-301F-11D3-BF4B-00C04F79EFBC}") = "AppF", "AppF.csproj", "{BAA85E4B-B082-4A1C-BE75-9F4D155E6457}"
EndProject
Global
	GlobalSection(SolutionConfigurationPlatforms) = preSolution
		Debug|Any CPU = Debug|Any CPU
		Release|Any CPU = Release|Any CPU
	EndGlobalSection
	GlobalSection(ProjectConfigurationPlatforms) = postSolution
		{BAA85E4B-B082-4A1C-BE75-9F4D155E6457}.Debug|Any CPU.ActiveCfg = Debug|Any CPU
		{BAA85E4B-B082-4A1C-BE75-9F4D155E6457}.Debug|Any CPU.Build.0 = Debug|Any CPU
		{BAA85E4B-B082-4A1C-BE75-9F4D155E6457}.Release|Any CPU.ActiveCfg = Release|Any CPU
		{BAA85E4B-B082-4A1C-BE75-9F4D155E6457}.Release|Any CPU.Build.0 = Release|Any CPU
	EndGlobalSection
	GlobalSection(SolutionProperties) = preSolution
		HideSolutionNode = FALSE
	EndGlobalSection
	GlobalSection(ExtensibilityGlobals) = postSolution
		SolutionGuid = {E2D3F266-5561-40E8-B089-3F314B208500}
	EndGlobalSection
EndGlobal
